{
  "requires": true,
  "lockfileVersion": 1,
  "dependencies": {
    "intro.js": {
      "version": "3.2.1",
      "resolved": "https://registry.npmjs.org/intro.js/-/intro.js-3.2.1.tgz",
      "integrity": "sha512-empgAlW/vlIEAZWw19rLMR+1J75sw6bvjqrQd9fhgXJnV/ds0bzASil3k5fCWSJeVBKXFbLlWJ3nvtimDmTIFw=="
    }
  }
}
